
Microsoft Visual Studio Solution File, Format Version 12.00
# Visual Studio Version 17
VisualStudioVersion = 17.11.35327.3
MinimumVisualStudioVersion = 10.0.40219.1
Project("{FAE04EC0-301F-11D3-BF4B-00C04F79EFBC}") = "zadaniya_dz", "zadaniya_dz\zadaniya_dz.csproj", "{7DB3C8C6-E7AB-420A-948A-F37BA1061CBF}"
EndProject
Project("{FAE04EC0-301F-11D3-BF4B-00C04F79EFBC}") = "tumakov_dz", "tumakov_dz\tumakov_dz.csproj", "{3F13885D-7F14-45D1-8C00-CC1BA787542C}"
EndProject
Global
	GlobalSection(SolutionConfigurationPlatforms) = preSolution
		Debug|Any CPU = Debug|Any CPU
		Release|Any CPU = Release|Any CPU
	EndGlobalSection
	GlobalSection(ProjectConfigurationPlatforms) = postSolution
		{7DB3C8C6-E7AB-420A-948A-F37BA1061CBF}.Debug|Any CPU.ActiveCfg = Debug|Any CPU
		{7DB3C8C6-E7AB-420A-948A-F37BA1061CBF}.Debug|Any CPU.Build.0 = Debug|Any CPU
		{7DB3C8C6-E7AB-420A-948A-F37BA1061CBF}.Release|Any CPU.ActiveCfg = Release|Any CPU
		{7DB3C8C6-E7AB-420A-948A-F37BA1061CBF}.Release|Any CPU.Build.0 = Release|Any CPU
		{3F13885D-7F14-45D1-8C00-CC1BA787542C}.Debug|Any CPU.ActiveCfg = Debug|Any CPU
		{3F13885D-7F14-45D1-8C00-CC1BA787542C}.Debug|Any CPU.Build.0 = Debug|Any CPU
		{3F13885D-7F14-45D1-8C00-CC1BA787542C}.Release|Any CPU.ActiveCfg = Release|Any CPU
		{3F13885D-7F14-45D1-8C00-CC1BA787542C}.Release|Any CPU.Build.0 = Release|Any CPU
	EndGlobalSection
	GlobalSection(SolutionProperties) = preSolution
		HideSolutionNode = FALSE
	EndGlobalSection
	GlobalSection(ExtensibilityGlobals) = postSolution
		SolutionGuid = {D9C6D488-A9C8-4799-AAFE-42BE572DC0A5}
	EndGlobalSection
EndGlobal
